// !$*UTF8*$!
{
	archiveVersion = 1;
	classes = {
	};
	objectVersion = 56;
	objects = {

/* Begin PBXBuildFile section */
		353B8B2428E53A9200AA2FD8 /* RestaurantListDataManager.swift in Sources */ = {isa = PBXBuildFile; fileRef = 353B8B2328E53A9200AA2FD8 /* RestaurantListDataManager.swift */; };
		353B8B2728E53B6F00AA2FD8 /* Restaurant.swift in Sources */ = {isa = PBXBuildFile; fileRef = 353B8B2628E53B6F00AA2FD8 /* Restaurant.swift */; };
		353B8B2928E53FC100AA2FD8 /* Address.swift in Sources */ = {isa = PBXBuildFile; fileRef = 353B8B2828E53FC100AA2FD8 /* Address.swift */; };
		353B8B2B28E53FD800AA2FD8 /* AggregateRatings.swift in Sources */ = {isa = PBXBuildFile; fileRef = 353B8B2A28E53FD800AA2FD8 /* AggregateRatings.swift */; };
		353B8B2D28E53FEE00AA2FD8 /* Rating.swift in Sources */ = {isa = PBXBuildFile; fileRef = 353B8B2C28E53FEE00AA2FD8 /* Rating.swift */; };
		353B8B2F28E5401000AA2FD8 /* Offer.swift in Sources */ = {isa = PBXBuildFile; fileRef = 353B8B2E28E5401000AA2FD8 /* Offer.swift */; };
		353B8B3328E542F100AA2FD8 /* RCNetworkProviderTests+RestaurantList.swift in Sources */ = {isa = PBXBuildFile; fileRef = 353B8B3228E542F100AA2FD8 /* RCNetworkProviderTests+RestaurantList.swift */; };
		353B8B3528E543A100AA2FD8 /* URLProtocolMock.swift in Sources */ = {isa = PBXBuildFile; fileRef = 353B8B3428E543A100AA2FD8 /* URLProtocolMock.swift */; };
		353B8B3828E5456900AA2FD8 /* ServerResponseMock.json in Resources */ = {isa = PBXBuildFile; fileRef = 353B8B3728E5456900AA2FD8 /* ServerResponseMock.json */; };
		353B8B3B28E548D600AA2FD8 /* RestaurantListDataManagerTest.swift in Sources */ = {isa = PBXBuildFile; fileRef = 353B8B3A28E548D600AA2FD8 /* RestaurantListDataManagerTest.swift */; };
		354264A628EB35870049D2F5 /* RestaurantDataModel.xcdatamodeld in Sources */ = {isa = PBXBuildFile; fileRef = 354264A428EB35870049D2F5 /* RestaurantDataModel.xcdatamodeld */; };
		354264A828EB3D720049D2F5 /* RestaurantDataStore.swift in Sources */ = {isa = PBXBuildFile; fileRef = 354264A728EB3D720049D2F5 /* RestaurantDataStore.swift */; };
		354264AA28EB42E60049D2F5 /* RestaurantStorage.swift in Sources */ = {isa = PBXBuildFile; fileRef = 354264A928EB42E60049D2F5 /* RestaurantStorage.swift */; };
		354264AD28EB7B380049D2F5 /* RestaurantStorageTests.swift in Sources */ = {isa = PBXBuildFile; fileRef = 354264AC28EB7B380049D2F5 /* RestaurantStorageTests.swift */; };
		3544ECEA28E3F4E5004F20B4 /* AppDelegate.swift in Sources */ = {isa = PBXBuildFile; fileRef = 3544ECE928E3F4E5004F20B4 /* AppDelegate.swift */; };
		3544ECEC28E3F4E5004F20B4 /* SceneDelegate.swift in Sources */ = {isa = PBXBuildFile; fileRef = 3544ECEB28E3F4E5004F20B4 /* SceneDelegate.swift */; };
		3544ECF328E3F4E6004F20B4 /* Assets.xcassets in Resources */ = {isa = PBXBuildFile; fileRef = 3544ECF228E3F4E6004F20B4 /* Assets.xcassets */; };
		3544ECF628E3F4E6004F20B4 /* LaunchScreen.storyboard in Resources */ = {isa = PBXBuildFile; fileRef = 3544ECF428E3F4E6004F20B4 /* LaunchScreen.storyboard */; };
		3544ED1C28E4B266004F20B4 /* RestaurantListViewController.swift in Sources */ = {isa = PBXBuildFile; fileRef = 3544ED1B28E4B266004F20B4 /* RestaurantListViewController.swift */; };
		3544ED2028E4B594004F20B4 /* RCNetworkProviderProtocol.swift in Sources */ = {isa = PBXBuildFile; fileRef = 3544ED1F28E4B594004F20B4 /* RCNetworkProviderProtocol.swift */; };
		3544ED2228E4B7D7004F20B4 /* RCNetworkRouteProtocol.swift in Sources */ = {isa = PBXBuildFile; fileRef = 3544ED2128E4B7D7004F20B4 /* RCNetworkRouteProtocol.swift */; };
		3544ED2528E4EDBC004F20B4 /* RCNetworkProviderTests.swift in Sources */ = {isa = PBXBuildFile; fileRef = 3544ED2428E4EDBC004F20B4 /* RCNetworkProviderTests.swift */; };
		354B6CA728E5298D0005DC4C /* RCNetworkProviderErrorTests.swift in Sources */ = {isa = PBXBuildFile; fileRef = 354B6CA628E5298D0005DC4C /* RCNetworkProviderErrorTests.swift */; };
		354B6CA928E52C420005DC4C /* RCNetworkRouteTests.swift in Sources */ = {isa = PBXBuildFile; fileRef = 354B6CA828E52C420005DC4C /* RCNetworkRouteTests.swift */; };
/* End PBXBuildFile section */

/* Begin PBXContainerItemProxy section */
		3544ECFD28E3F4E6004F20B4 /* PBXContainerItemProxy */ = {
			isa = PBXContainerItemProxy;
			containerPortal = 3544ECDE28E3F4E5004F20B4 /* Project object */;
			proxyType = 1;
			remoteGlobalIDString = 3544ECE528E3F4E5004F20B4;
			remoteInfo = RestaurantClient;
		};
/* End PBXContainerItemProxy section */

/* Begin PBXFileReference section */
		353B8B2328E53A9200AA2FD8 /* RestaurantListDataManager.swift */ = {isa = PBXFileReference; lastKnownFileType = sourcecode.swift; path = RestaurantListDataManager.swift; sourceTree = "<group>"; };
		353B8B2628E53B6F00AA2FD8 /* Restaurant.swift */ = {isa = PBXFileReference; lastKnownFileType = sourcecode.swift; path = Restaurant.swift; sourceTree = "<group>"; };
		353B8B2828E53FC100AA2FD8 /* Address.swift */ = {isa = PBXFileReference; lastKnownFileType = sourcecode.swift; path = Address.swift; sourceTree = "<group>"; };
		353B8B2A28E53FD800AA2FD8 /* AggregateRatings.swift */ = {isa = PBXFileReference; lastKnownFileType = sourcecode.swift; path = AggregateRatings.swift; sourceTree = "<group>"; };
		353B8B2C28E53FEE00AA2FD8 /* Rating.swift */ = {isa = PBXFileReference; lastKnownFileType = sourcecode.swift; path = Rating.swift; sourceTree = "<group>"; };
		353B8B2E28E5401000AA2FD8 /* Offer.swift */ = {isa = PBXFileReference; lastKnownFileType = sourcecode.swift; path = Offer.swift; sourceTree = "<group>"; };
		353B8B3228E542F100AA2FD8 /* RCNetworkProviderTests+RestaurantList.swift */ = {isa = PBXFileReference; lastKnownFileType = sourcecode.swift; path = "RCNetworkProviderTests+RestaurantList.swift"; sourceTree = "<group>"; };
		353B8B3428E543A100AA2FD8 /* URLProtocolMock.swift */ = {isa = PBXFileReference; lastKnownFileType = sourcecode.swift; path = URLProtocolMock.swift; sourceTree = "<group>"; };
		353B8B3728E5456900AA2FD8 /* ServerResponseMock.json */ = {isa = PBXFileReference; lastKnownFileType = text.json; path = ServerResponseMock.json; sourceTree = "<group>"; };
		353B8B3A28E548D600AA2FD8 /* RestaurantListDataManagerTest.swift */ = {isa = PBXFileReference; lastKnownFileType = sourcecode.swift; path = RestaurantListDataManagerTest.swift; sourceTree = "<group>"; };
		354264A528EB35870049D2F5 /* RestaurantDataModel.xcdatamodel */ = {isa = PBXFileReference; lastKnownFileType = wrapper.xcdatamodel; path = RestaurantDataModel.xcdatamodel; sourceTree = "<group>"; };
		354264A728EB3D720049D2F5 /* RestaurantDataStore.swift */ = {isa = PBXFileReference; lastKnownFileType = sourcecode.swift; path = RestaurantDataStore.swift; sourceTree = "<group>"; };
		354264A928EB42E60049D2F5 /* RestaurantStorage.swift */ = {isa = PBXFileReference; lastKnownFileType = sourcecode.swift; path = RestaurantStorage.swift; sourceTree = "<group>"; };
		354264AC28EB7B380049D2F5 /* RestaurantStorageTests.swift */ = {isa = PBXFileReference; lastKnownFileType = sourcecode.swift; path = RestaurantStorageTests.swift; sourceTree = "<group>"; };
		3544ECE628E3F4E5004F20B4 /* RestaurantClient.app */ = {isa = PBXFileReference; explicitFileType = wrapper.application; includeInIndex = 0; path = RestaurantClient.app; sourceTree = BUILT_PRODUCTS_DIR; };
		3544ECE928E3F4E5004F20B4 /* AppDelegate.swift */ = {isa = PBXFileReference; lastKnownFileType = sourcecode.swift; path = AppDelegate.swift; sourceTree = "<group>"; };
		3544ECEB28E3F4E5004F20B4 /* SceneDelegate.swift */ = {isa = PBXFileReference; lastKnownFileType = sourcecode.swift; path = SceneDelegate.swift; sourceTree = "<group>"; };
		3544ECF228E3F4E6004F20B4 /* Assets.xcassets */ = {isa = PBXFileReference; lastKnownFileType = folder.assetcatalog; path = Assets.xcassets; sourceTree = "<group>"; };
		3544ECF528E3F4E6004F20B4 /* Base */ = {isa = PBXFileReference; lastKnownFileType = file.storyboard; name = Base; path = Base.lproj/LaunchScreen.storyboard; sourceTree = "<group>"; };
		3544ECF728E3F4E6004F20B4 /* Info.plist */ = {isa = PBXFileReference; lastKnownFileType = text.plist.xml; path = Info.plist; sourceTree = "<group>"; };
		3544ECFC28E3F4E6004F20B4 /* RestaurantClientTests.xctest */ = {isa = PBXFileReference; explicitFileType = wrapper.cfbundle; includeInIndex = 0; path = RestaurantClientTests.xctest; sourceTree = BUILT_PRODUCTS_DIR; };
		3544ED1B28E4B266004F20B4 /* RestaurantListViewController.swift */ = {isa = PBXFileReference; lastKnownFileType = sourcecode.swift; path = RestaurantListViewController.swift; sourceTree = "<group>"; };
		3544ED1F28E4B594004F20B4 /* RCNetworkProviderProtocol.swift */ = {isa = PBXFileReference; lastKnownFileType = sourcecode.swift; path = RCNetworkProviderProtocol.swift; sourceTree = "<group>"; };
		3544ED2128E4B7D7004F20B4 /* RCNetworkRouteProtocol.swift */ = {isa = PBXFileReference; lastKnownFileType = sourcecode.swift; path = RCNetworkRouteProtocol.swift; sourceTree = "<group>"; };
		3544ED2428E4EDBC004F20B4 /* RCNetworkProviderTests.swift */ = {isa = PBXFileReference; lastKnownFileType = sourcecode.swift; path = RCNetworkProviderTests.swift; sourceTree = "<group>"; };
		354B6CA628E5298D0005DC4C /* RCNetworkProviderErrorTests.swift */ = {isa = PBXFileReference; lastKnownFileType = sourcecode.swift; path = RCNetworkProviderErrorTests.swift; sourceTree = "<group>"; };
		354B6CA828E52C420005DC4C /* RCNetworkRouteTests.swift */ = {isa = PBXFileReference; lastKnownFileType = sourcecode.swift; path = RCNetworkRouteTests.swift; sourceTree = "<group>"; };
/* End PBXFileReference section */

/* Begin PBXFrameworksBuildPhase section */
		3544ECE328E3F4E5004F20B4 /* Frameworks */ = {
			isa = PBXFrameworksBuildPhase;
			buildActionMask = 2147483647;
			files = (
			);
			runOnlyForDeploymentPostprocessing = 0;
		};
		3544ECF928E3F4E6004F20B4 /* Frameworks */ = {
			isa = PBXFrameworksBuildPhase;
			buildActionMask = 2147483647;
			files = (
			);
			runOnlyForDeploymentPostprocessing = 0;
		};
/* End PBXFrameworksBuildPhase section */

/* Begin PBXGroup section */
		353B8B2228E53A7400AA2FD8 /* DataManager */ = {
			isa = PBXGroup;
			children = (
				353B8B2328E53A9200AA2FD8 /* RestaurantListDataManager.swift */,
			);
			path = DataManager;
			sourceTree = "<group>";
		};
		353B8B2528E53ADF00AA2FD8 /* Models */ = {
			isa = PBXGroup;
			children = (
				353B8B2628E53B6F00AA2FD8 /* Restaurant.swift */,
				353B8B2828E53FC100AA2FD8 /* Address.swift */,
				353B8B2A28E53FD800AA2FD8 /* AggregateRatings.swift */,
				353B8B2C28E53FEE00AA2FD8 /* Rating.swift */,
				353B8B2E28E5401000AA2FD8 /* Offer.swift */,
			);
			path = Models;
			sourceTree = "<group>";
		};
		353B8B3628E5451400AA2FD8 /* Mocks */ = {
			isa = PBXGroup;
			children = (
				353B8B3428E543A100AA2FD8 /* URLProtocolMock.swift */,
				353B8B3728E5456900AA2FD8 /* ServerResponseMock.json */,
			);
			path = Mocks;
			sourceTree = "<group>";
		};
		353B8B3928E548BA00AA2FD8 /* DataManager */ = {
			isa = PBXGroup;
			children = (
				353B8B3A28E548D600AA2FD8 /* RestaurantListDataManagerTest.swift */,
			);
			path = DataManager;
			sourceTree = "<group>";
		};
		354264A328EB33C70049D2F5 /* CoreData */ = {
			isa = PBXGroup;
			children = (
				354264A428EB35870049D2F5 /* RestaurantDataModel.xcdatamodeld */,
				354264A728EB3D720049D2F5 /* RestaurantDataStore.swift */,
				354264A928EB42E60049D2F5 /* RestaurantStorage.swift */,
			);
			path = CoreData;
			sourceTree = "<group>";
		};
		354264AB28EB7AB90049D2F5 /* CoreData */ = {
			isa = PBXGroup;
			children = (
				354264AC28EB7B380049D2F5 /* RestaurantStorageTests.swift */,
			);
			path = CoreData;
			sourceTree = "<group>";
		};
		3544ECDD28E3F4E5004F20B4 = {
			isa = PBXGroup;
			children = (
				3544ECE828E3F4E5004F20B4 /* RestaurantClient */,
				3544ECFF28E3F4E6004F20B4 /* RestaurantClientTests */,
				3544ECE728E3F4E5004F20B4 /* Products */,
			);
			sourceTree = "<group>";
		};
		3544ECE728E3F4E5004F20B4 /* Products */ = {
			isa = PBXGroup;
			children = (
				3544ECE628E3F4E5004F20B4 /* RestaurantClient.app */,
				3544ECFC28E3F4E6004F20B4 /* RestaurantClientTests.xctest */,
			);
			name = Products;
			sourceTree = "<group>";
		};
		3544ECE828E3F4E5004F20B4 /* RestaurantClient */ = {
			isa = PBXGroup;
			children = (
				353B8B2528E53ADF00AA2FD8 /* Models */,
				3544ED1928E4B1F0004F20B4 /* views */,
				353B8B2228E53A7400AA2FD8 /* DataManager */,
				3544ED1D28E4B556004F20B4 /* Networking */,
				354264A328EB33C70049D2F5 /* CoreData */,
				3544ECE928E3F4E5004F20B4 /* AppDelegate.swift */,
				3544ECEB28E3F4E5004F20B4 /* SceneDelegate.swift */,
				3544ECF228E3F4E6004F20B4 /* Assets.xcassets */,
				3544ECF428E3F4E6004F20B4 /* LaunchScreen.storyboard */,
				3544ECF728E3F4E6004F20B4 /* Info.plist */,
			);
			path = RestaurantClient;
			sourceTree = "<group>";
		};
		3544ECFF28E3F4E6004F20B4 /* RestaurantClientTests */ = {
			isa = PBXGroup;
			children = (
				354264AB28EB7AB90049D2F5 /* CoreData */,
				353B8B3928E548BA00AA2FD8 /* DataManager */,
				3544ED2328E4DF77004F20B4 /* Networking */,
			);
			path = RestaurantClientTests;
			sourceTree = "<group>";
		};
		3544ED1928E4B1F0004F20B4 /* views */ = {
			isa = PBXGroup;
			children = (
				3544ED1A28E4B200004F20B4 /* RestaurantList */,
			);
			path = views;
			sourceTree = "<group>";
		};
		3544ED1A28E4B200004F20B4 /* RestaurantList */ = {
			isa = PBXGroup;
			children = (
				3544ED1B28E4B266004F20B4 /* RestaurantListViewController.swift */,
			);
			path = RestaurantList;
			sourceTree = "<group>";
		};
		3544ED1D28E4B556004F20B4 /* Networking */ = {
			isa = PBXGroup;
			children = (
				3544ED1F28E4B594004F20B4 /* RCNetworkProviderProtocol.swift */,
				3544ED2128E4B7D7004F20B4 /* RCNetworkRouteProtocol.swift */,
			);
			path = Networking;
			sourceTree = "<group>";
		};
		3544ED2328E4DF77004F20B4 /* Networking */ = {
			isa = PBXGroup;
			children = (
				353B8B3628E5451400AA2FD8 /* Mocks */,
				3544ED2428E4EDBC004F20B4 /* RCNetworkProviderTests.swift */,
				353B8B3228E542F100AA2FD8 /* RCNetworkProviderTests+RestaurantList.swift */,
				354B6CA628E5298D0005DC4C /* RCNetworkProviderErrorTests.swift */,
				354B6CA828E52C420005DC4C /* RCNetworkRouteTests.swift */,
			);
			path = Networking;
			sourceTree = "<group>";
		};
/* End PBXGroup section */

/* Begin PBXNativeTarget section */
		3544ECE528E3F4E5004F20B4 /* RestaurantClient */ = {
			isa = PBXNativeTarget;
			buildConfigurationList = 3544ED1028E3F4E6004F20B4 /* Build configuration list for PBXNativeTarget "RestaurantClient" */;
			buildPhases = (
				3544ECE228E3F4E5004F20B4 /* Sources */,
				3544ECE328E3F4E5004F20B4 /* Frameworks */,
				3544ECE428E3F4E5004F20B4 /* Resources */,
			);
			buildRules = (
			);
			dependencies = (
			);
			name = RestaurantClient;
			productName = RestaurantClient;
			productReference = 3544ECE628E3F4E5004F20B4 /* RestaurantClient.app */;
			productType = "com.apple.product-type.application";
		};
		3544ECFB28E3F4E6004F20B4 /* RestaurantClientTests */ = {
			isa = PBXNativeTarget;
			buildConfigurationList = 3544ED1328E3F4E6004F20B4 /* Build configuration list for PBXNativeTarget "RestaurantClientTests" */;
			buildPhases = (
				3544ECF828E3F4E6004F20B4 /* Sources */,
				3544ECF928E3F4E6004F20B4 /* Frameworks */,
				3544ECFA28E3F4E6004F20B4 /* Resources */,
			);
			buildRules = (
			);
			dependencies = (
				3544ECFE28E3F4E6004F20B4 /* PBXTargetDependency */,
			);
			name = RestaurantClientTests;
			productName = RestaurantClientTests;
			productReference = 3544ECFC28E3F4E6004F20B4 /* RestaurantClientTests.xctest */;
			productType = "com.apple.product-type.bundle.unit-test";
		};
/* End PBXNativeTarget section */

/* Begin PBXProject section */
		3544ECDE28E3F4E5004F20B4 /* Project object */ = {
			isa = PBXProject;
			attributes = {
				BuildIndependentTargetsInParallel = 1;
				LastSwiftUpdateCheck = 1400;
				LastUpgradeCheck = 1400;
				TargetAttributes = {
					3544ECE528E3F4E5004F20B4 = {
						CreatedOnToolsVersion = 14.0.1;
					};
					3544ECFB28E3F4E6004F20B4 = {
						CreatedOnToolsVersion = 14.0.1;
						LastSwiftMigration = 1400;
						TestTargetID = 3544ECE528E3F4E5004F20B4;
					};
				};
			};
			buildConfigurationList = 3544ECE128E3F4E5004F20B4 /* Build configuration list for PBXProject "RestaurantClient" */;
			compatibilityVersion = "Xcode 14.0";
			developmentRegion = en;
			hasScannedForEncodings = 0;
			knownRegions = (
				en,
				Base,
			);
			mainGroup = 3544ECDD28E3F4E5004F20B4;
			productRefGroup = 3544ECE728E3F4E5004F20B4 /* Products */;
			projectDirPath = "";
			projectRoot = "";
			targets = (
				3544ECE528E3F4E5004F20B4 /* RestaurantClient */,
				3544ECFB28E3F4E6004F20B4 /* RestaurantClientTests */,
			);
		};
/* End PBXProject section */

/* Begin PBXResourcesBuildPhase section */
		3544ECE428E3F4E5004F20B4 /* Resources */ = {
			isa = PBXResourcesBuildPhase;
			buildActionMask = 2147483647;
			files = (
				3544ECF628E3F4E6004F20B4 /* LaunchScreen.storyboard in Resources */,
				3544ECF328E3F4E6004F20B4 /* Assets.xcassets in Resources */,
			);
			runOnlyForDeploymentPostprocessing = 0;
		};
		3544ECFA28E3F4E6004F20B4 /* Resources */ = {
			isa = PBXResourcesBuildPhase;
			buildActionMask = 2147483647;
			files = (
				353B8B3828E5456900AA2FD8 /* ServerResponseMock.json in Resources */,
			);
			runOnlyForDeploymentPostprocessing = 0;
		};
/* End PBXResourcesBuildPhase section */

/* Begin PBXSourcesBuildPhase section */
		3544ECE228E3F4E5004F20B4 /* Sources */ = {
			isa = PBXSourcesBuildPhase;
			buildActionMask = 2147483647;
			files = (
				354264AA28EB42E60049D2F5 /* RestaurantStorage.swift in Sources */,
				354264A628EB35870049D2F5 /* RestaurantDataModel.xcdatamodeld in Sources */,
				3544ED2228E4B7D7004F20B4 /* RCNetworkRouteProtocol.swift in Sources */,
				3544ED2028E4B594004F20B4 /* RCNetworkProviderProtocol.swift in Sources */,
				353B8B2D28E53FEE00AA2FD8 /* Rating.swift in Sources */,
				3544ED1C28E4B266004F20B4 /* RestaurantListViewController.swift in Sources */,
				353B8B2B28E53FD800AA2FD8 /* AggregateRatings.swift in Sources */,
				353B8B2728E53B6F00AA2FD8 /* Restaurant.swift in Sources */,
				3544ECEA28E3F4E5004F20B4 /* AppDelegate.swift in Sources */,
				353B8B2F28E5401000AA2FD8 /* Offer.swift in Sources */,
				354264A828EB3D720049D2F5 /* RestaurantDataStore.swift in Sources */,
				353B8B2428E53A9200AA2FD8 /* RestaurantListDataManager.swift in Sources */,
				353B8B2928E53FC100AA2FD8 /* Address.swift in Sources */,
				3544ECEC28E3F4E5004F20B4 /* SceneDelegate.swift in Sources */,
			);
			runOnlyForDeploymentPostprocessing = 0;
		};
		3544ECF828E3F4E6004F20B4 /* Sources */ = {
			isa = PBXSourcesBuildPhase;
			buildActionMask = 2147483647;
			files = (
				353B8B3528E543A100AA2FD8 /* URLProtocolMock.swift in Sources */,
				3544ED2528E4EDBC004F20B4 /* RCNetworkProviderTests.swift in Sources */,
				353B8B3B28E548D600AA2FD8 /* RestaurantListDataManagerTest.swift in Sources */,
				354264AD28EB7B380049D2F5 /* RestaurantStorageTests.swift in Sources */,
				354B6CA728E5298D0005DC4C /* RCNetworkProviderErrorTests.swift in Sources */,
				354B6CA928E52C420005DC4C /* RCNetworkRouteTests.swift in Sources */,
				353B8B3328E542F100AA2FD8 /* RCNetworkProviderTests+RestaurantList.swift in Sources */,
			);
			runOnlyForDeploymentPostprocessing = 0;
		};
/* End PBXSourcesBuildPhase section */

/* Begin PBXTargetDependency section */
		3544ECFE28E3F4E6004F20B4 /* PBXTargetDependency */ = {
			isa = PBXTargetDependency;
			target = 3544ECE528E3F4E5004F20B4 /* RestaurantClient */;
			targetProxy = 3544ECFD28E3F4E6004F20B4 /* PBXContainerItemProxy */;
		};
/* End PBXTargetDependency section */

/* Begin PBXVariantGroup section */
		3544ECF428E3F4E6004F20B4 /* LaunchScreen.storyboard */ = {
			isa = PBXVariantGroup;
			children = (
				3544ECF528E3F4E6004F20B4 /* Base */,
			);
			name = LaunchScreen.storyboard;
			sourceTree = "<group>";
		};
/* End PBXVariantGroup section */

/* Begin XCBuildConfiguration section */
		3544ED0E28E3F4E6004F20B4 /* Debug */ = {
			isa = XCBuildConfiguration;
			buildSettings = {
				ALWAYS_SEARCH_USER_PATHS = NO;
				CLANG_ANALYZER_NONNULL = YES;
				CLANG_ANALYZER_NUMBER_OBJECT_CONVERSION = YES_AGGRESSIVE;
				CLANG_CXX_LANGUAGE_STANDARD = "gnu++20";
				CLANG_ENABLE_MODULES = YES;
				CLANG_ENABLE_OBJC_ARC = YES;
				CLANG_ENABLE_OBJC_WEAK = YES;
				CLANG_WARN_BLOCK_CAPTURE_AUTORELEASING = YES;
				CLANG_WARN_BOOL_CONVERSION = YES;
				CLANG_WARN_COMMA = YES;
				CLANG_WARN_CONSTANT_CONVERSION = YES;
				CLANG_WARN_DEPRECATED_OBJC_IMPLEMENTATIONS = YES;
				CLANG_WARN_DIRECT_OBJC_ISA_USAGE = YES_ERROR;
				CLANG_WARN_DOCUMENTATION_COMMENTS = YES;
				CLANG_WARN_EMPTY_BODY = YES;
				CLANG_WARN_ENUM_CONVERSION = YES;
				CLANG_WARN_INFINITE_RECURSION = YES;
				CLANG_WARN_INT_CONVERSION = YES;
				CLANG_WARN_NON_LITERAL_NULL_CONVERSION = YES;
				CLANG_WARN_OBJC_IMPLICIT_RETAIN_SELF = YES;
				CLANG_WARN_OBJC_LITERAL_CONVERSION = YES;
				CLANG_WARN_OBJC_ROOT_CLASS = YES_ERROR;
				CLANG_WARN_QUOTED_INCLUDE_IN_FRAMEWORK_HEADER = YES;
				CLANG_WARN_RANGE_LOOP_ANALYSIS = YES;
				CLANG_WARN_STRICT_PROTOTYPES = YES;
				CLANG_WARN_SUSPICIOUS_MOVE = YES;
				CLANG_WARN_UNGUARDED_AVAILABILITY = YES_AGGRESSIVE;
				CLANG_WARN_UNREACHABLE_CODE = YES;
				CLANG_WARN__DUPLICATE_METHOD_MATCH = YES;
				COPY_PHASE_STRIP = NO;
				DEBUG_INFORMATION_FORMAT = dwarf;
				ENABLE_STRICT_OBJC_MSGSEND = YES;
				ENABLE_TESTABILITY = YES;
				GCC_C_LANGUAGE_STANDARD = gnu11;
				GCC_DYNAMIC_NO_PIC = NO;
				GCC_NO_COMMON_BLOCKS = YES;
				GCC_OPTIMIZATION_LEVEL = 0;
				GCC_PREPROCESSOR_DEFINITIONS = (
					"DEBUG=1",
					"$(inherited)",
				);
				GCC_WARN_64_TO_32_BIT_CONVERSION = YES;
				GCC_WARN_ABOUT_RETURN_TYPE = YES_ERROR;
				GCC_WARN_UNDECLARED_SELECTOR = YES;
				GCC_WARN_UNINITIALIZED_AUTOS = YES_AGGRESSIVE;
				GCC_WARN_UNUSED_FUNCTION = YES;
				GCC_WARN_UNUSED_VARIABLE = YES;
				IPHONEOS_DEPLOYMENT_TARGET = 12.0;
				MTL_ENABLE_DEBUG_INFO = INCLUDE_SOURCE;
				MTL_FAST_MATH = YES;
				ONLY_ACTIVE_ARCH = YES;
				SDKROOT = iphoneos;
				SWIFT_ACTIVE_COMPILATION_CONDITIONS = DEBUG;
				SWIFT_OPTIMIZATION_LEVEL = "-Onone";
			};
			name = Debug;
		};
		3544ED0F28E3F4E6004F20B4 /* Release */ = {
			isa = XCBuildConfiguration;
			buildSettings = {
				ALWAYS_SEARCH_USER_PATHS = NO;
				CLANG_ANALYZER_NONNULL = YES;
				CLANG_ANALYZER_NUMBER_OBJECT_CONVERSION = YES_AGGRESSIVE;
				CLANG_CXX_LANGUAGE_STANDARD = "gnu++20";
				CLANG_ENABLE_MODULES = YES;
				CLANG_ENABLE_OBJC_ARC = YES;
				CLANG_ENABLE_OBJC_WEAK = YES;
				CLANG_WARN_BLOCK_CAPTURE_AUTORELEASING = YES;
				CLANG_WARN_BOOL_CONVERSION = YES;
				CLANG_WARN_COMMA = YES;
				CLANG_WARN_CONSTANT_CONVERSION = YES;
				CLANG_WARN_DEPRECATED_OBJC_IMPLEMENTATIONS = YES;
				CLANG_WARN_DIRECT_OBJC_ISA_USAGE = YES_ERROR;
				CLANG_WARN_DOCUMENTATION_COMMENTS = YES;
				CLANG_WARN_EMPTY_BODY = YES;
				CLANG_WARN_ENUM_CONVERSION = YES;
				CLANG_WARN_INFINITE_RECURSION = YES;
				CLANG_WARN_INT_CONVERSION = YES;
				CLANG_WARN_NON_LITERAL_NULL_CONVERSION = YES;
				CLANG_WARN_OBJC_IMPLICIT_RETAIN_SELF = YES;
				CLANG_WARN_OBJC_LITERAL_CONVERSION = YES;
				CLANG_WARN_OBJC_ROOT_CLASS = YES_ERROR;
				CLANG_WARN_QUOTED_INCLUDE_IN_FRAMEWORK_HEADER = YES;
				CLANG_WARN_RANGE_LOOP_ANALYSIS = YES;
				CLANG_WARN_STRICT_PROTOTYPES = YES;
				CLANG_WARN_SUSPICIOUS_MOVE = YES;
				CLANG_WARN_UNGUARDED_AVAILABILITY = YES_AGGRESSIVE;
				CLANG_WARN_UNREACHABLE_CODE = YES;
				CLANG_WARN__DUPLICATE_METHOD_MATCH = YES;
				COPY_PHASE_STRIP = NO;
				DEBUG_INFORMATION_FORMAT = "dwarf-with-dsym";
				ENABLE_NS_ASSERTIONS = NO;
				ENABLE_STRICT_OBJC_MSGSEND = YES;
				GCC_C_LANGUAGE_STANDARD = gnu11;
				GCC_NO_COMMON_BLOCKS = YES;
				GCC_WARN_64_TO_32_BIT_CONVERSION = YES;
				GCC_WARN_ABOUT_RETURN_TYPE = YES_ERROR;
				GCC_WARN_UNDECLARED_SELECTOR = YES;
				GCC_WARN_UNINITIALIZED_AUTOS = YES_AGGRESSIVE;
				GCC_WARN_UNUSED_FUNCTION = YES;
				GCC_WARN_UNUSED_VARIABLE = YES;
				IPHONEOS_DEPLOYMENT_TARGET = 12.0;
				MTL_ENABLE_DEBUG_INFO = NO;
				MTL_FAST_MATH = YES;
				SDKROOT = iphoneos;
				SWIFT_COMPILATION_MODE = wholemodule;
				SWIFT_OPTIMIZATION_LEVEL = "-O";
				VALIDATE_PRODUCT = YES;
			};
			name = Release;
		};
		3544ED1128E3F4E6004F20B4 /* Debug */ = {
			isa = XCBuildConfiguration;
			buildSettings = {
				ASSETCATALOG_COMPILER_APPICON_NAME = AppIcon;
				ASSETCATALOG_COMPILER_GLOBAL_ACCENT_COLOR_NAME = AccentColor;
				CODE_SIGN_STYLE = Automatic;
				CURRENT_PROJECT_VERSION = 1;
				GENERATE_INFOPLIST_FILE = YES;
				INFOPLIST_FILE = RestaurantClient/Info.plist;
				INFOPLIST_KEY_LSApplicationCategoryType = "public.app-category.food-and-drink";
				INFOPLIST_KEY_UIApplicationSupportsIndirectInputEvents = YES;
				INFOPLIST_KEY_UILaunchStoryboardName = LaunchScreen;
				INFOPLIST_KEY_UISupportedInterfaceOrientations = UIInterfaceOrientationPortrait;
				INFOPLIST_KEY_UISupportedInterfaceOrientations_iPad = "UIInterfaceOrientationLandscapeLeft UIInterfaceOrientationLandscapeRight UIInterfaceOrientationPortrait UIInterfaceOrientationPortraitUpsideDown";
				IPHONEOS_DEPLOYMENT_TARGET = 12.0;
				LD_RUNPATH_SEARCH_PATHS = (
					"$(inherited)",
					"@executable_path/Frameworks",
				);
				MARKETING_VERSION = 1.0;
				PRODUCT_BUNDLE_IDENTIFIER = com.testhero.RestaurantClient;
				PRODUCT_NAME = "$(TARGET_NAME)";
				SUPPORTED_PLATFORMS = "iphoneos iphonesimulator";
				SUPPORTS_MACCATALYST = NO;
				SUPPORTS_MAC_DESIGNED_FOR_IPHONE_IPAD = NO;
				SWIFT_EMIT_LOC_STRINGS = YES;
				SWIFT_VERSION = 5.0;
				TARGETED_DEVICE_FAMILY = 1;
			};
			name = Debug;
		};
		3544ED1228E3F4E6004F20B4 /* Release */ = {
			isa = XCBuildConfiguration;
			buildSettings = {
				ASSETCATALOG_COMPILER_APPICON_NAME = AppIcon;
				ASSETCATALOG_COMPILER_GLOBAL_ACCENT_COLOR_NAME = AccentColor;
				CODE_SIGN_STYLE = Automatic;
				CURRENT_PROJECT_VERSION = 1;
				GENERATE_INFOPLIST_FILE = YES;
				INFOPLIST_FILE = RestaurantClient/Info.plist;
				INFOPLIST_KEY_LSApplicationCategoryType = "public.app-category.food-and-drink";
				INFOPLIST_KEY_UIApplicationSupportsIndirectInputEvents = YES;
				INFOPLIST_KEY_UILaunchStoryboardName = LaunchScreen;
				INFOPLIST_KEY_UISupportedInterfaceOrientations = UIInterfaceOrientationPortrait;
				INFOPLIST_KEY_UISupportedInterfaceOrientations_iPad = "UIInterfaceOrientationLandscapeLeft UIInterfaceOrientationLandscapeRight UIInterfaceOrientationPortrait UIInterfaceOrientationPortraitUpsideDown";
				IPHONEOS_DEPLOYMENT_TARGET = 12.0;
				LD_RUNPATH_SEARCH_PATHS = (
					"$(inherited)",
					"@executable_path/Frameworks",
				);
				MARKETING_VERSION = 1.0;
				PRODUCT_BUNDLE_IDENTIFIER = com.testhero.RestaurantClient;
				PRODUCT_NAME = "$(TARGET_NAME)";
				SUPPORTED_PLATFORMS = "iphoneos iphonesimulator";
				SUPPORTS_MACCATALYST = NO;
				SUPPORTS_MAC_DESIGNED_FOR_IPHONE_IPAD = NO;
				SWIFT_EMIT_LOC_STRINGS = YES;
				SWIFT_VERSION = 5.0;
				TARGETED_DEVICE_FAMILY = 1;
			};
			name = Release;
		};
		3544ED1428E3F4E6004F20B4 /* Debug */ = {
			isa = XCBuildConfiguration;
			buildSettings = {
				ALWAYS_EMBED_SWIFT_STANDARD_LIBRARIES = YES;
				BUNDLE_LOADER = "$(TEST_HOST)";
				CLANG_ENABLE_MODULES = YES;
				CODE_SIGN_STYLE = Automatic;
				CURRENT_PROJECT_VERSION = 1;
				GENERATE_INFOPLIST_FILE = YES;
				IPHONEOS_DEPLOYMENT_TARGET = 12.0;
				LD_RUNPATH_SEARCH_PATHS = (
					"$(inherited)",
					"@executable_path/Frameworks",
					"@loader_path/Frameworks",
				);
				MARKETING_VERSION = 1.0;
				PRODUCT_BUNDLE_IDENTIFIER = com.testhero.RestaurantClientTests;
				PRODUCT_NAME = "$(TARGET_NAME)";
				SWIFT_EMIT_LOC_STRINGS = NO;
				SWIFT_OPTIMIZATION_LEVEL = "-Onone";
				SWIFT_VERSION = 5.0;
				TARGETED_DEVICE_FAMILY = "1,2";
				TEST_HOST = "$(BUILT_PRODUCTS_DIR)/RestaurantClient.app/$(BUNDLE_EXECUTABLE_FOLDER_PATH)/RestaurantClient";
			};
			name = Debug;
		};
		3544ED1528E3F4E6004F20B4 /* Release */ = {
			isa = XCBuildConfiguration;
			buildSettings = {
				ALWAYS_EMBED_SWIFT_STANDARD_LIBRARIES = YES;
				BUNDLE_LOADER = "$(TEST_HOST)";
				CLANG_ENABLE_MODULES = YES;
				CODE_SIGN_STYLE = Automatic;
				CURRENT_PROJECT_VERSION = 1;
				GENERATE_INFOPLIST_FILE = YES;
				IPHONEOS_DEPLOYMENT_TARGET = 12.0;
				LD_RUNPATH_SEARCH_PATHS = (
					"$(inherited)",
					"@executable_path/Frameworks",
					"@loader_path/Frameworks",
				);
				MARKETING_VERSION = 1.0;
				PRODUCT_BUNDLE_IDENTIFIER = com.testhero.RestaurantClientTests;
				PRODUCT_NAME = "$(TARGET_NAME)";
				SWIFT_EMIT_LOC_STRINGS = NO;
				SWIFT_VERSION = 5.0;
				TARGETED_DEVICE_FAMILY = "1,2";
				TEST_HOST = "$(BUILT_PRODUCTS_DIR)/RestaurantClient.app/$(BUNDLE_EXECUTABLE_FOLDER_PATH)/RestaurantClient";
			};
			name = Release;
		};
/* End XCBuildConfiguration section */

/* Begin XCConfigurationList section */
		3544ECE128E3F4E5004F20B4 /* Build configuration list for PBXProject "RestaurantClient" */ = {
			isa = XCConfigurationList;
			buildConfigurations = (
				3544ED0E28E3F4E6004F20B4 /* Debug */,
				3544ED0F28E3F4E6004F20B4 /* Release */,
			);
			defaultConfigurationIsVisible = 0;
			defaultConfigurationName = Release;
		};
		3544ED1028E3F4E6004F20B4 /* Build configuration list for PBXNativeTarget "RestaurantClient" */ = {
			isa = XCConfigurationList;
			buildConfigurations = (
				3544ED1128E3F4E6004F20B4 /* Debug */,
				3544ED1228E3F4E6004F20B4 /* Release */,
			);
			defaultConfigurationIsVisible = 0;
			defaultConfigurationName = Release;
		};
		3544ED1328E3F4E6004F20B4 /* Build configuration list for PBXNativeTarget "RestaurantClientTests" */ = {
			isa = XCConfigurationList;
			buildConfigurations = (
				3544ED1428E3F4E6004F20B4 /* Debug */,
				3544ED1528E3F4E6004F20B4 /* Release */,
			);
			defaultConfigurationIsVisible = 0;
			defaultConfigurationName = Release;
		};
/* End XCConfigurationList section */

/* Begin XCVersionGroup section */
		354264A428EB35870049D2F5 /* RestaurantDataModel.xcdatamodeld */ = {
			isa = XCVersionGroup;
			children = (
				354264A528EB35870049D2F5 /* RestaurantDataModel.xcdatamodel */,
			);
			currentVersion = 354264A528EB35870049D2F5 /* RestaurantDataModel.xcdatamodel */;
			path = RestaurantDataModel.xcdatamodeld;
			sourceTree = "<group>";
			versionGroupType = wrapper.xcdatamodel;
		};
/* End XCVersionGroup section */
	};
	rootObject = 3544ECDE28E3F4E5004F20B4 /* Project object */;
}
